
Microsoft Visual Studio Solution File, Format Version 12.00
# Visual Studio Version 17
VisualStudioVersion = 17.5.33502.453
MinimumVisualStudioVersion = 10.0.40219.1
Project("{FAE04EC0-301F-11D3-BF4B-00C04F79EFBC}") = "blackjack", "blackjack\blackjack.csproj", "{3709A611-7015-4830-8AA6-ACC15B57ABE8}"
EndProject
Global
	GlobalSection(SolutionConfigurationPlatforms) = preSolution
		Debug|Any CPU = Debug|Any CPU
		Release|Any CPU = Release|Any CPU
	EndGlobalSection
	GlobalSection(ProjectConfigurationPlatforms) = postSolution
		{3709A611-7015-4830-8AA6-ACC15B57ABE8}.Debug|Any CPU.ActiveCfg = Debug|Any CPU
		{3709A611-7015-4830-8AA6-ACC15B57ABE8}.Debug|Any CPU.Build.0 = Debug|Any CPU
		{3709A611-7015-4830-8AA6-ACC15B57ABE8}.Release|Any CPU.ActiveCfg = Release|Any CPU
		{3709A611-7015-4830-8AA6-ACC15B57ABE8}.Release|Any CPU.Build.0 = Release|Any CPU
	EndGlobalSection
	GlobalSection(SolutionProperties) = preSolution
		HideSolutionNode = FALSE
	EndGlobalSection
	GlobalSection(ExtensibilityGlobals) = postSolution
		SolutionGuid = {42119ECC-3FC6-4F11-8CD3-01C40AC994B8}
	EndGlobalSection
EndGlobal
